
Microsoft Visual Studio Solution File, Format Version 12.00
# Visual Studio Version 17
VisualStudioVersion = 17.14.36429.23
MinimumVisualStudioVersion = 10.0.40219.1
Project("{2150E333-8FDC-42A3-9474-1A3956D46DE8}") = "Task0", "Task0", "{02EA681E-C7D8-13C7-8484-4AC65E1B71E8}"
EndProject
Project("{FAE04EC0-301F-11D3-BF4B-00C04F79EFBC}") = "Tyuiu.KochetovKO.Sprint3.Task0.V1", "Tyuiu.KochetovKO.Sprint3.Task0.V1\Tyuiu.KochetovKO.Sprint3.Task0.V1.csproj", "{B07A5516-750A-46FA-8DD0-6D02D5C73F4A}"
EndProject
Project("{FAE04EC0-301F-11D3-BF4B-00C04F79EFBC}") = "Tyuiu.KochetovKO.Sprint3.Task0.V1.Lib", "Tyuiu.KochetovKO.Sprint3.Task0.V1.Lib\Tyuiu.KochetovKO.Sprint3.Task0.V1.Lib.csproj", "{B93CAB3C-5CEE-4398-AA87-5BE965120450}"
EndProject
Project("{FAE04EC0-301F-11D3-BF4B-00C04F79EFBC}") = "Tyuiu.KochetovKO.Sprint3.Task0.V1.Test", "Tyuiu.KochetovKO.Sprint3.Task0.V1.Test\Tyuiu.KochetovKO.Sprint3.Task0.V1.Test.csproj", "{FE1E4516-BEE7-45BC-AB32-D2E3167D1513}"
EndProject
Project("{2150E333-8FDC-42A3-9474-1A3956D46DE8}") = "Task1", "Task1", "{D3840445-78BB-4624-B740-AF4337F638FF}"
EndProject
Project("{FAE04EC0-301F-11D3-BF4B-00C04F79EFBC}") = "Tyuiu.KochetovKO.Sprint3.Task1.V5", "Tyuiu.KochetovKO.Sprint3.Task1.V5\Tyuiu.KochetovKO.Sprint3.Task1.V5.csproj", "{DA38F36B-AA69-47C3-BB68-0A78A54B75CC}"
EndProject
Project("{FAE04EC0-301F-11D3-BF4B-00C04F79EFBC}") = "Tyuiu.KochetovKO.Sprint3.Task1.V5.Lib", "Tyuiu.KochetovKO.Sprint3.Task1.V5.Lib\Tyuiu.KochetovKO.Sprint3.Task1.V5.Lib.csproj", "{AD3F5173-3BAD-4329-B4E8-03F756F3F6B9}"
EndProject
Project("{FAE04EC0-301F-11D3-BF4B-00C04F79EFBC}") = "Tyuiu.KochetovKO.Sprint3.Task1.V5.Test", "Tyuiu.KochetovKO.Sprint3.Task1.V5.Test\Tyuiu.KochetovKO.Sprint3.Task1.V5.Test.csproj", "{08ECE264-6FD8-4832-B64E-3908421DBBBF}"
EndProject
Project("{2150E333-8FDC-42A3-9474-1A3956D46DE8}") = "Task2", "Task2", "{94525BC8-944F-4971-BB1E-030B6E1642FB}"
EndProject
Project("{FAE04EC0-301F-11D3-BF4B-00C04F79EFBC}") = "Tyuiu.KochetovKO.Sprint3.Task2.V19", "Tyuiu.KochetovKO.Sprint3.Task2.V19\Tyuiu.KochetovKO.Sprint3.Task2.V19.csproj", "{B42CB189-8E2D-403C-81A9-755396D8FCAD}"
EndProject
Project("{FAE04EC0-301F-11D3-BF4B-00C04F79EFBC}") = "Tyuiu.KochetovKO.Sprint3.Task2.V19.Test", "Tyuiu.KochetovKO.Sprint3.Task2.V19.Test\Tyuiu.KochetovKO.Sprint3.Task2.V19.Test.csproj", "{94AA3F0D-8C4F-4DA2-85EE-62BFF825495B}"
EndProject
Project("{FAE04EC0-301F-11D3-BF4B-00C04F79EFBC}") = "Tyuiu.KochetovKO.Sprint3.Task2.V19.Lib", "Tyuiu.KochetovKO.Sprint3.Task2.V19.Lib\Tyuiu.KochetovKO.Sprint3.Task2.V19.Lib.csproj", "{655D31E9-F98E-444A-B204-000F9D76194A}"
EndProject
Project("{2150E333-8FDC-42A3-9474-1A3956D46DE8}") = "Task3", "Task3", "{CA71E28E-44ED-4C90-895B-E5BAE2284B78}"
EndProject
Project("{FAE04EC0-301F-11D3-BF4B-00C04F79EFBC}") = "Tyuiu.KochetovKO.Sprint3.Task3.V11", "Tyuiu.KochetovKO.Sprint3.Task3.V11\Tyuiu.KochetovKO.Sprint3.Task3.V11.csproj", "{5C123E4C-A0EC-413C-A109-39215E1AC437}"
EndProject
Project("{FAE04EC0-301F-11D3-BF4B-00C04F79EFBC}") = "Tyuiu.KochetovKO.Sprint3.Task3.V11.Test", "Tyuiu.KochetovKO.Sprint3.Task3.V11.Test\Tyuiu.KochetovKO.Sprint3.Task3.V11.Test.csproj", "{195571A7-C40E-4ACE-9854-568F2D5119FF}"
EndProject
Project("{FAE04EC0-301F-11D3-BF4B-00C04F79EFBC}") = "Tyuiu.KochetovKO.Sprint3.Task3.V11.Lib", "Tyuiu.KochetovKO.Sprint3.Task3.V11.Lib\Tyuiu.KochetovKO.Sprint3.Task3.V11.Lib.csproj", "{77BCAA86-FE1A-42FA-BB96-44495A294338}"
EndProject
Project("{2150E333-8FDC-42A3-9474-1A3956D46DE8}") = "Task4", "Task4", "{5BA7BB6B-95FD-4DE0-8E74-768E12586B15}"
EndProject
Project("{FAE04EC0-301F-11D3-BF4B-00C04F79EFBC}") = "Tyuiu.KochetovKO.Sprint3.Task4.V29", "Tyuiu.KochetovKO.Sprint3.Task4.V29\Tyuiu.KochetovKO.Sprint3.Task4.V29.csproj", "{56F9F3F7-C081-4070-8E7E-13B3C875E7B4}"
EndProject
Project("{FAE04EC0-301F-11D3-BF4B-00C04F79EFBC}") = "Tyuiu.KochetovKO.Sprint3.Task4.V29.Lib", "Tyuiu.KochetovKO.Sprint3.Task4.V29.Lib\Tyuiu.KochetovKO.Sprint3.Task4.V29.Lib.csproj", "{C4DBFC59-51F3-4B89-BBE4-6D033E7837AD}"
EndProject
Project("{FAE04EC0-301F-11D3-BF4B-00C04F79EFBC}") = "Tyuiu.KochetovKO.Sprint3.Task4.V29.Test", "Tyuiu.KochetovKO.Sprint3.Task4.V29.Test\Tyuiu.KochetovKO.Sprint3.Task4.V29.Test.csproj", "{24681D5E-8499-4CA3-B716-7D21B92F3BA2}"
EndProject
Global
	GlobalSection(SolutionConfigurationPlatforms) = preSolution
		Debug|Any CPU = Debug|Any CPU
		Release|Any CPU = Release|Any CPU
	EndGlobalSection
	GlobalSection(ProjectConfigurationPlatforms) = postSolution
		{B07A5516-750A-46FA-8DD0-6D02D5C73F4A}.Debug|Any CPU.ActiveCfg = Debug|Any CPU
		{B07A5516-750A-46FA-8DD0-6D02D5C73F4A}.Debug|Any CPU.Build.0 = Debug|Any CPU
		{B07A5516-750A-46FA-8DD0-6D02D5C73F4A}.Release|Any CPU.ActiveCfg = Release|Any CPU
		{B07A5516-750A-46FA-8DD0-6D02D5C73F4A}.Release|Any CPU.Build.0 = Release|Any CPU
		{B93CAB3C-5CEE-4398-AA87-5BE965120450}.Debug|Any CPU.ActiveCfg = Debug|Any CPU
		{B93CAB3C-5CEE-4398-AA87-5BE965120450}.Debug|Any CPU.Build.0 = Debug|Any CPU
		{B93CAB3C-5CEE-4398-AA87-5BE965120450}.Release|Any CPU.ActiveCfg = Release|Any CPU
		{B93CAB3C-5CEE-4398-AA87-5BE965120450}.Release|Any CPU.Build.0 = Release|Any CPU
		{FE1E4516-BEE7-45BC-AB32-D2E3167D1513}.Debug|Any CPU.ActiveCfg = Debug|Any CPU
		{FE1E4516-BEE7-45BC-AB32-D2E3167D1513}.Debug|Any CPU.Build.0 = Debug|Any CPU
		{FE1E4516-BEE7-45BC-AB32-D2E3167D1513}.Release|Any CPU.ActiveCfg = Release|Any CPU
		{FE1E4516-BEE7-45BC-AB32-D2E3167D1513}.Release|Any CPU.Build.0 = Release|Any CPU
		{DA38F36B-AA69-47C3-BB68-0A78A54B75CC}.Debug|Any CPU.ActiveCfg = Debug|Any CPU
		{DA38F36B-AA69-47C3-BB68-0A78A54B75CC}.Debug|Any CPU.Build.0 = Debug|Any CPU
		{DA38F36B-AA69-47C3-BB68-0A78A54B75CC}.Release|Any CPU.ActiveCfg = Release|Any CPU
		{DA38F36B-AA69-47C3-BB68-0A78A54B75CC}.Release|Any CPU.Build.0 = Release|Any CPU
		{AD3F5173-3BAD-4329-B4E8-03F756F3F6B9}.Debug|Any CPU.ActiveCfg = Debug|Any CPU
		{AD3F5173-3BAD-4329-B4E8-03F756F3F6B9}.Debug|Any CPU.Build.0 = Debug|Any CPU
		{AD3F5173-3BAD-4329-B4E8-03F756F3F6B9}.Release|Any CPU.ActiveCfg = Release|Any CPU
		{AD3F5173-3BAD-4329-B4E8-03F756F3F6B9}.Release|Any CPU.Build.0 = Release|Any CPU
		{08ECE264-6FD8-4832-B64E-3908421DBBBF}.Debug|Any CPU.ActiveCfg = Debug|Any CPU
		{08ECE264-6FD8-4832-B64E-3908421DBBBF}.Debug|Any CPU.Build.0 = Debug|Any CPU
		{08ECE264-6FD8-4832-B64E-3908421DBBBF}.Release|Any CPU.ActiveCfg = Release|Any CPU
		{08ECE264-6FD8-4832-B64E-3908421DBBBF}.Release|Any CPU.Build.0 = Release|Any CPU
		{B42CB189-8E2D-403C-81A9-755396D8FCAD}.Debug|Any CPU.ActiveCfg = Debug|Any CPU
		{B42CB189-8E2D-403C-81A9-755396D8FCAD}.Debug|Any CPU.Build.0 = Debug|Any CPU
		{B42CB189-8E2D-403C-81A9-755396D8FCAD}.Release|Any CPU.ActiveCfg = Release|Any CPU
		{B42CB189-8E2D-403C-81A9-755396D8FCAD}.Release|Any CPU.Build.0 = Release|Any CPU
		{94AA3F0D-8C4F-4DA2-85EE-62BFF825495B}.Debug|Any CPU.ActiveCfg = Debug|Any CPU
		{94AA3F0D-8C4F-4DA2-85EE-62BFF825495B}.Debug|Any CPU.Build.0 = Debug|Any CPU
		{94AA3F0D-8C4F-4DA2-85EE-62BFF825495B}.Release|Any CPU.ActiveCfg = Release|Any CPU
		{94AA3F0D-8C4F-4DA2-85EE-62BFF825495B}.Release|Any CPU.Build.0 = Release|Any CPU
		{655D31E9-F98E-444A-B204-000F9D76194A}.Debug|Any CPU.ActiveCfg = Debug|Any CPU
		{655D31E9-F98E-444A-B204-000F9D76194A}.Debug|Any CPU.Build.0 = Debug|Any CPU
		{655D31E9-F98E-444A-B204-000F9D76194A}.Release|Any CPU.ActiveCfg = Release|Any CPU
		{655D31E9-F98E-444A-B204-000F9D76194A}.Release|Any CPU.Build.0 = Release|Any CPU
		{5C123E4C-A0EC-413C-A109-39215E1AC437}.Debug|Any CPU.ActiveCfg = Debug|Any CPU
		{5C123E4C-A0EC-413C-A109-39215E1AC437}.Debug|Any CPU.Build.0 = Debug|Any CPU
		{5C123E4C-A0EC-413C-A109-39215E1AC437}.Release|Any CPU.ActiveCfg = Release|Any CPU
		{5C123E4C-A0EC-413C-A109-39215E1AC437}.Release|Any CPU.Build.0 = Release|Any CPU
		{195571A7-C40E-4ACE-9854-568F2D5119FF}.Debug|Any CPU.ActiveCfg = Debug|Any CPU
		{195571A7-C40E-4ACE-9854-568F2D5119FF}.Debug|Any CPU.Build.0 = Debug|Any CPU
		{195571A7-C40E-4ACE-9854-568F2D5119FF}.Release|Any CPU.ActiveCfg = Release|Any CPU
		{195571A7-C40E-4ACE-9854-568F2D5119FF}.Release|Any CPU.Build.0 = Release|Any CPU
		{77BCAA86-FE1A-42FA-BB96-44495A294338}.Debug|Any CPU.ActiveCfg = Debug|Any CPU
		{77BCAA86-FE1A-42FA-BB96-44495A294338}.Debug|Any CPU.Build.0 = Debug|Any CPU
		{77BCAA86-FE1A-42FA-BB96-44495A294338}.Release|Any CPU.ActiveCfg = Release|Any CPU
		{77BCAA86-FE1A-42FA-BB96-44495A294338}.Release|Any CPU.Build.0 = Release|Any CPU
		{56F9F3F7-C081-4070-8E7E-13B3C875E7B4}.Debug|Any CPU.ActiveCfg = Debug|Any CPU
		{56F9F3F7-C081-4070-8E7E-13B3C875E7B4}.Debug|Any CPU.Build.0 = Debug|Any CPU
		{56F9F3F7-C081-4070-8E7E-13B3C875E7B4}.Release|Any CPU.ActiveCfg = Release|Any CPU
		{56F9F3F7-C081-4070-8E7E-13B3C875E7B4}.Release|Any CPU.Build.0 = Release|Any CPU
		{C4DBFC59-51F3-4B89-BBE4-6D033E7837AD}.Debug|Any CPU.ActiveCfg = Debug|Any CPU
		{C4DBFC59-51F3-4B89-BBE4-6D033E7837AD}.Debug|Any CPU.Build.0 = Debug|Any CPU
		{C4DBFC59-51F3-4B89-BBE4-6D033E7837AD}.Release|Any CPU.ActiveCfg = Release|Any CPU
		{C4DBFC59-51F3-4B89-BBE4-6D033E7837AD}.Release|Any CPU.Build.0 = Release|Any CPU
		{24681D5E-8499-4CA3-B716-7D21B92F3BA2}.Debug|Any CPU.ActiveCfg = Debug|Any CPU
		{24681D5E-8499-4CA3-B716-7D21B92F3BA2}.Debug|Any CPU.Build.0 = Debug|Any CPU
		{24681D5E-8499-4CA3-B716-7D21B92F3BA2}.Release|Any CPU.ActiveCfg = Release|Any CPU
		{24681D5E-8499-4CA3-B716-7D21B92F3BA2}.Release|Any CPU.Build.0 = Release|Any CPU
	EndGlobalSection
	GlobalSection(SolutionProperties) = preSolution
		HideSolutionNode = FALSE
	EndGlobalSection
	GlobalSection(NestedProjects) = preSolution
		{B07A5516-750A-46FA-8DD0-6D02D5C73F4A} = {02EA681E-C7D8-13C7-8484-4AC65E1B71E8}
		{B93CAB3C-5CEE-4398-AA87-5BE965120450} = {02EA681E-C7D8-13C7-8484-4AC65E1B71E8}
		{FE1E4516-BEE7-45BC-AB32-D2E3167D1513} = {02EA681E-C7D8-13C7-8484-4AC65E1B71E8}
		{DA38F36B-AA69-47C3-BB68-0A78A54B75CC} = {D3840445-78BB-4624-B740-AF4337F638FF}
		{AD3F5173-3BAD-4329-B4E8-03F756F3F6B9} = {D3840445-78BB-4624-B740-AF4337F638FF}
		{08ECE264-6FD8-4832-B64E-3908421DBBBF} = {D3840445-78BB-4624-B740-AF4337F638FF}
		{B42CB189-8E2D-403C-81A9-755396D8FCAD} = {94525BC8-944F-4971-BB1E-030B6E1642FB}
		{94AA3F0D-8C4F-4DA2-85EE-62BFF825495B} = {94525BC8-944F-4971-BB1E-030B6E1642FB}
		{655D31E9-F98E-444A-B204-000F9D76194A} = {94525BC8-944F-4971-BB1E-030B6E1642FB}
		{5C123E4C-A0EC-413C-A109-39215E1AC437} = {CA71E28E-44ED-4C90-895B-E5BAE2284B78}
		{195571A7-C40E-4ACE-9854-568F2D5119FF} = {CA71E28E-44ED-4C90-895B-E5BAE2284B78}
		{77BCAA86-FE1A-42FA-BB96-44495A294338} = {CA71E28E-44ED-4C90-895B-E5BAE2284B78}
		{56F9F3F7-C081-4070-8E7E-13B3C875E7B4} = {5BA7BB6B-95FD-4DE0-8E74-768E12586B15}
		{C4DBFC59-51F3-4B89-BBE4-6D033E7837AD} = {5BA7BB6B-95FD-4DE0-8E74-768E12586B15}
		{24681D5E-8499-4CA3-B716-7D21B92F3BA2} = {5BA7BB6B-95FD-4DE0-8E74-768E12586B15}
	EndGlobalSection
	GlobalSection(ExtensibilityGlobals) = postSolution
		SolutionGuid = {ED2A61BD-2888-4457-BE98-0DCE36E46BD0}
	EndGlobalSection
EndGlobal
