
Microsoft Visual Studio Solution File, Format Version 12.00
# Visual Studio Version 17
VisualStudioVersion = 17.14.36429.23
MinimumVisualStudioVersion = 10.0.40219.1
Project("{2150E333-8FDC-42A3-9474-1A3956D46DE8}") = "Task0", "Task0", "{02EA681E-C7D8-13C7-8484-4AC65E1B71E8}"
EndProject
Project("{FAE04EC0-301F-11D3-BF4B-00C04F79EFBC}") = "Tyuiu.KochetovKO.Sprint3.Task0.V1", "Tyuiu.KochetovKO.Sprint3.Task0.V1\Tyuiu.KochetovKO.Sprint3.Task0.V1.csproj", "{B07A5516-750A-46FA-8DD0-6D02D5C73F4A}"
EndProject
Project("{FAE04EC0-301F-11D3-BF4B-00C04F79EFBC}") = "Tyuiu.KochetovKO.Sprint3.Task0.V1.Lib", "Tyuiu.KochetovKO.Sprint3.Task0.V1.Lib\Tyuiu.KochetovKO.Sprint3.Task0.V1.Lib.csproj", "{B93CAB3C-5CEE-4398-AA87-5BE965120450}"
EndProject
Project("{FAE04EC0-301F-11D3-BF4B-00C04F79EFBC}") = "Tyuiu.KochetovKO.Sprint3.Task0.V1.Test", "Tyuiu.KochetovKO.Sprint3.Task0.V1.Test\Tyuiu.KochetovKO.Sprint3.Task0.V1.Test.csproj", "{FE1E4516-BEE7-45BC-AB32-D2E3167D1513}"
EndProject
Project("{2150E333-8FDC-42A3-9474-1A3956D46DE8}") = "Task1", "Task1", "{D3840445-78BB-4624-B740-AF4337F638FF}"
EndProject
Project("{FAE04EC0-301F-11D3-BF4B-00C04F79EFBC}") = "Tyuiu.KochetovKO.Sprint3.Task1.V5", "Tyuiu.KochetovKO.Sprint3.Task1.V5\Tyuiu.KochetovKO.Sprint3.Task1.V5.csproj", "{DA38F36B-AA69-47C3-BB68-0A78A54B75CC}"
EndProject
Project("{FAE04EC0-301F-11D3-BF4B-00C04F79EFBC}") = "Tyuiu.KochetovKO.Sprint3.Task1.V5.Lib", "Tyuiu.KochetovKO.Sprint3.Task1.V5.Lib\Tyuiu.KochetovKO.Sprint3.Task1.V5.Lib.csproj", "{AD3F5173-3BAD-4329-B4E8-03F756F3F6B9}"
EndProject
Project("{FAE04EC0-301F-11D3-BF4B-00C04F79EFBC}") = "Tyuiu.KochetovKO.Sprint3.Task1.V5.Test", "Tyuiu.KochetovKO.Sprint3.Task1.V5.Test\Tyuiu.KochetovKO.Sprint3.Task1.V5.Test.csproj", "{08ECE264-6FD8-4832-B64E-3908421DBBBF}"
EndProject
Global
	GlobalSection(SolutionConfigurationPlatforms) = preSolution
		Debug|Any CPU = Debug|Any CPU
		Release|Any CPU = Release|Any CPU
	EndGlobalSection
	GlobalSection(ProjectConfigurationPlatforms) = postSolution
		{B07A5516-750A-46FA-8DD0-6D02D5C73F4A}.Debug|Any CPU.ActiveCfg = Debug|Any CPU
		{B07A5516-750A-46FA-8DD0-6D02D5C73F4A}.Debug|Any CPU.Build.0 = Debug|Any CPU
		{B07A5516-750A-46FA-8DD0-6D02D5C73F4A}.Release|Any CPU.ActiveCfg = Release|Any CPU
		{B07A5516-750A-46FA-8DD0-6D02D5C73F4A}.Release|Any CPU.Build.0 = Release|Any CPU
		{B93CAB3C-5CEE-4398-AA87-5BE965120450}.Debug|Any CPU.ActiveCfg = Debug|Any CPU
		{B93CAB3C-5CEE-4398-AA87-5BE965120450}.Debug|Any CPU.Build.0 = Debug|Any CPU
		{B93CAB3C-5CEE-4398-AA87-5BE965120450}.Release|Any CPU.ActiveCfg = Release|Any CPU
		{B93CAB3C-5CEE-4398-AA87-5BE965120450}.Release|Any CPU.Build.0 = Release|Any CPU
		{FE1E4516-BEE7-45BC-AB32-D2E3167D1513}.Debug|Any CPU.ActiveCfg = Debug|Any CPU
		{FE1E4516-BEE7-45BC-AB32-D2E3167D1513}.Debug|Any CPU.Build.0 = Debug|Any CPU
		{FE1E4516-BEE7-45BC-AB32-D2E3167D1513}.Release|Any CPU.ActiveCfg = Release|Any CPU
		{FE1E4516-BEE7-45BC-AB32-D2E3167D1513}.Release|Any CPU.Build.0 = Release|Any CPU
		{DA38F36B-AA69-47C3-BB68-0A78A54B75CC}.Debug|Any CPU.ActiveCfg = Debug|Any CPU
		{DA38F36B-AA69-47C3-BB68-0A78A54B75CC}.Debug|Any CPU.Build.0 = Debug|Any CPU
		{DA38F36B-AA69-47C3-BB68-0A78A54B75CC}.Release|Any CPU.ActiveCfg = Release|Any CPU
		{DA38F36B-AA69-47C3-BB68-0A78A54B75CC}.Release|Any CPU.Build.0 = Release|Any CPU
		{AD3F5173-3BAD-4329-B4E8-03F756F3F6B9}.Debug|Any CPU.ActiveCfg = Debug|Any CPU
		{AD3F5173-3BAD-4329-B4E8-03F756F3F6B9}.Debug|Any CPU.Build.0 = Debug|Any CPU
		{AD3F5173-3BAD-4329-B4E8-03F756F3F6B9}.Release|Any CPU.ActiveCfg = Release|Any CPU
		{AD3F5173-3BAD-4329-B4E8-03F756F3F6B9}.Release|Any CPU.Build.0 = Release|Any CPU
		{08ECE264-6FD8-4832-B64E-3908421DBBBF}.Debug|Any CPU.ActiveCfg = Debug|Any CPU
		{08ECE264-6FD8-4832-B64E-3908421DBBBF}.Debug|Any CPU.Build.0 = Debug|Any CPU
		{08ECE264-6FD8-4832-B64E-3908421DBBBF}.Release|Any CPU.ActiveCfg = Release|Any CPU
		{08ECE264-6FD8-4832-B64E-3908421DBBBF}.Release|Any CPU.Build.0 = Release|Any CPU
	EndGlobalSection
	GlobalSection(SolutionProperties) = preSolution
		HideSolutionNode = FALSE
	EndGlobalSection
	GlobalSection(NestedProjects) = preSolution
		{B07A5516-750A-46FA-8DD0-6D02D5C73F4A} = {02EA681E-C7D8-13C7-8484-4AC65E1B71E8}
		{B93CAB3C-5CEE-4398-AA87-5BE965120450} = {02EA681E-C7D8-13C7-8484-4AC65E1B71E8}
		{FE1E4516-BEE7-45BC-AB32-D2E3167D1513} = {02EA681E-C7D8-13C7-8484-4AC65E1B71E8}
		{DA38F36B-AA69-47C3-BB68-0A78A54B75CC} = {D3840445-78BB-4624-B740-AF4337F638FF}
		{AD3F5173-3BAD-4329-B4E8-03F756F3F6B9} = {D3840445-78BB-4624-B740-AF4337F638FF}
		{08ECE264-6FD8-4832-B64E-3908421DBBBF} = {D3840445-78BB-4624-B740-AF4337F638FF}
	EndGlobalSection
	GlobalSection(ExtensibilityGlobals) = postSolution
		SolutionGuid = {ED2A61BD-2888-4457-BE98-0DCE36E46BD0}
	EndGlobalSection
EndGlobal
